
Microsoft Visual Studio Solution File, Format Version 12.00
# Visual Studio Version 16
VisualStudioVersion = 16.0.29519.87
MinimumVisualStudioVersion = 10.0.40219.1
Project("{FAE04EC0-301F-11D3-BF4B-00C04F79EFBC}") = "ConsoleApp1", "ConsoleApp1\ConsoleApp1.csproj", "{2EBFFD35-0B9E-45DE-B990-1C751AA9044B}"
EndProject
Global
	GlobalSection(SolutionConfigurationPlatforms) = preSolution
		Debug|Any CPU = Debug|Any CPU
		Release|Any CPU = Release|Any CPU
	EndGlobalSection
	GlobalSection(ProjectConfigurationPlatforms) = postSolution
		{2EBFFD35-0B9E-45DE-B990-1C751AA9044B}.Debug|Any CPU.ActiveCfg = Debug|Any CPU
		{2EBFFD35-0B9E-45DE-B990-1C751AA9044B}.Debug|Any CPU.Build.0 = Debug|Any CPU
		{2EBFFD35-0B9E-45DE-B990-1C751AA9044B}.Release|Any CPU.ActiveCfg = Release|Any CPU
		{2EBFFD35-0B9E-45DE-B990-1C751AA9044B}.Release|Any CPU.Build.0 = Release|Any CPU
	EndGlobalSection
	GlobalSection(SolutionProperties) = preSolution
		HideSolutionNode = FALSE
	EndGlobalSection
	GlobalSection(ExtensibilityGlobals) = postSolution
		SolutionGuid = {F886346F-965D-464E-AB55-61BBB4932877}
	EndGlobalSection
EndGlobal
